
Microsoft Visual Studio Solution File, Format Version 12.00
# Visual Studio Version 17
VisualStudioVersion = 17.6.33815.320
MinimumVisualStudioVersion = 10.0.40219.1
Project("{FAE04EC0-301F-11D3-BF4B-00C04F79EFBC}") = "ProyectoPilas-OCME", "ProyectoPilas-OCME\ProyectoPilas-OCME.csproj", "{F75A1763-9525-4E06-8ACF-532B9FA5CD33}"
EndProject
Global
	GlobalSection(SolutionConfigurationPlatforms) = preSolution
		Debug|Any CPU = Debug|Any CPU
		Release|Any CPU = Release|Any CPU
	EndGlobalSection
	GlobalSection(ProjectConfigurationPlatforms) = postSolution
		{F75A1763-9525-4E06-8ACF-532B9FA5CD33}.Debug|Any CPU.ActiveCfg = Debug|Any CPU
		{F75A1763-9525-4E06-8ACF-532B9FA5CD33}.Debug|Any CPU.Build.0 = Debug|Any CPU
		{F75A1763-9525-4E06-8ACF-532B9FA5CD33}.Release|Any CPU.ActiveCfg = Release|Any CPU
		{F75A1763-9525-4E06-8ACF-532B9FA5CD33}.Release|Any CPU.Build.0 = Release|Any CPU
	EndGlobalSection
	GlobalSection(SolutionProperties) = preSolution
		HideSolutionNode = FALSE
	EndGlobalSection
	GlobalSection(ExtensibilityGlobals) = postSolution
		SolutionGuid = {3A65C228-71B1-4FBF-B491-CB24BB30D502}
	EndGlobalSection
EndGlobal
